
Microsoft Visual Studio Solution File, Format Version 12.00
# Visual Studio Version 17
VisualStudioVersion = 17.5.002.0
MinimumVisualStudioVersion = 10.0.40219.1
Project("{9A19103F-16F7-4668-BE54-9A1E7A4F7556}") = "timgiatrinhonhatrongphuongthuc", "timgiatrinhonhatrongphuongthuc.csproj", "{A039B98D-4803-468F-B426-9FAADA447CBB}"
EndProject
Global
	GlobalSection(SolutionConfigurationPlatforms) = preSolution
		Debug|Any CPU = Debug|Any CPU
		Release|Any CPU = Release|Any CPU
	EndGlobalSection
	GlobalSection(ProjectConfigurationPlatforms) = postSolution
		{A039B98D-4803-468F-B426-9FAADA447CBB}.Debug|Any CPU.ActiveCfg = Debug|Any CPU
		{A039B98D-4803-468F-B426-9FAADA447CBB}.Debug|Any CPU.Build.0 = Debug|Any CPU
		{A039B98D-4803-468F-B426-9FAADA447CBB}.Release|Any CPU.ActiveCfg = Release|Any CPU
		{A039B98D-4803-468F-B426-9FAADA447CBB}.Release|Any CPU.Build.0 = Release|Any CPU
	EndGlobalSection
	GlobalSection(SolutionProperties) = preSolution
		HideSolutionNode = FALSE
	EndGlobalSection
	GlobalSection(ExtensibilityGlobals) = postSolution
		SolutionGuid = {2F2FAF75-4246-4DCB-9978-C059D6CEC793}
	EndGlobalSection
EndGlobal
